
Microsoft Visual Studio Solution File, Format Version 12.00
# Visual Studio Version 16
VisualStudioVersion = 16.0.30104.148
MinimumVisualStudioVersion = 15.0.26124.0
Project("{2150E333-8FDC-42A3-9474-1A3956D46DE8}") = "src", "src", "{16A08395-90D3-4104-8CBB-90DBD6106E63}"
EndProject
Project("{9A19103F-16F7-4668-BE54-9A1E7A4F7556}") = "FkThat.Templates.Cli", "src\FkThat.Templates.Cli\FkThat.Templates.Cli.csproj", "{6AD171AE-269E-4556-920B-159D98FEE3C6}"
EndProject
Project("{9A19103F-16F7-4668-BE54-9A1E7A4F7556}") = "FkThat.Templates.Daemon", "src\FkThat.Templates.Daemon\FkThat.Templates.Daemon.csproj", "{2569220F-D297-4524-B7BC-97FD7AFC1C32}"
EndProject
Project("{9A19103F-16F7-4668-BE54-9A1E7A4F7556}") = "FkThat.Templates.Lib", "src\FkThat.Templates.Lib\FkThat.Templates.Lib.csproj", "{4FD4DEEC-82EB-4CB6-A690-ABD595C38CC0}"
EndProject
Project("{9A19103F-16F7-4668-BE54-9A1E7A4F7556}") = "FkThat.Templates.Quartz", "src\FkThat.Templates.Quartz\FkThat.Templates.Quartz.csproj", "{9BF9ECB9-B635-4C6B-82DA-EB85BA4C54A6}"
EndProject
Project("{9A19103F-16F7-4668-BE54-9A1E7A4F7556}") = "FkThat.Templates.WebApi", "src\FkThat.Templates.WebApi\FkThat.Templates.WebApi.csproj", "{C9D9CE1D-4C5C-45CC-8F5A-1DDCEA56BB7F}"
EndProject
Project("{9A19103F-16F7-4668-BE54-9A1E7A4F7556}") = "FkThat.Templates.WebSpa", "src\FkThat.Templates.WebSpa\FkThat.Templates.WebSpa.csproj", "{14328CBE-747E-4523-A85E-CF251AC02351}"
EndProject
Project("{9A19103F-16F7-4668-BE54-9A1E7A4F7556}") = "FkThat.Templates.XUnit", "src\FkThat.Templates.XUnit\FkThat.Templates.XUnit.csproj", "{81523254-6156-4F29-AEC6-40509F41C061}"
EndProject
Global
	GlobalSection(SolutionConfigurationPlatforms) = preSolution
		Release|Any CPU = Release|Any CPU
	EndGlobalSection
	GlobalSection(ProjectConfigurationPlatforms) = postSolution
		{6AD171AE-269E-4556-920B-159D98FEE3C6}.Release|Any CPU.ActiveCfg = Release|Any CPU
		{2569220F-D297-4524-B7BC-97FD7AFC1C32}.Release|Any CPU.ActiveCfg = Release|Any CPU
		{4FD4DEEC-82EB-4CB6-A690-ABD595C38CC0}.Release|Any CPU.ActiveCfg = Release|Any CPU
		{9BF9ECB9-B635-4C6B-82DA-EB85BA4C54A6}.Release|Any CPU.ActiveCfg = Release|Any CPU
		{C9D9CE1D-4C5C-45CC-8F5A-1DDCEA56BB7F}.Release|Any CPU.ActiveCfg = Release|Any CPU
		{14328CBE-747E-4523-A85E-CF251AC02351}.Release|Any CPU.ActiveCfg = Release|Any CPU
		{81523254-6156-4F29-AEC6-40509F41C061}.Release|Any CPU.ActiveCfg = Release|Any CPU
	EndGlobalSection
	GlobalSection(SolutionProperties) = preSolution
		HideSolutionNode = FALSE
	EndGlobalSection
	GlobalSection(NestedProjects) = preSolution
		{6AD171AE-269E-4556-920B-159D98FEE3C6} = {16A08395-90D3-4104-8CBB-90DBD6106E63}
		{2569220F-D297-4524-B7BC-97FD7AFC1C32} = {16A08395-90D3-4104-8CBB-90DBD6106E63}
		{4FD4DEEC-82EB-4CB6-A690-ABD595C38CC0} = {16A08395-90D3-4104-8CBB-90DBD6106E63}
		{9BF9ECB9-B635-4C6B-82DA-EB85BA4C54A6} = {16A08395-90D3-4104-8CBB-90DBD6106E63}
		{C9D9CE1D-4C5C-45CC-8F5A-1DDCEA56BB7F} = {16A08395-90D3-4104-8CBB-90DBD6106E63}
		{14328CBE-747E-4523-A85E-CF251AC02351} = {16A08395-90D3-4104-8CBB-90DBD6106E63}
		{81523254-6156-4F29-AEC6-40509F41C061} = {16A08395-90D3-4104-8CBB-90DBD6106E63}
	EndGlobalSection
	GlobalSection(ExtensibilityGlobals) = postSolution
		SolutionGuid = {FF65E30A-DC53-458E-953B-BF486A11EEA1}
	EndGlobalSection
EndGlobal
