
Microsoft Visual Studio Solution File, Format Version 12.00
# Visual Studio Version 17
VisualStudioVersion = 17.0.31903.59
MinimumVisualStudioVersion = 10.0.40219.1
Project("{FAE04EC0-301F-11D3-BF4B-00C04F79EFBC}") = "FkThat.Templates", "FkThat.Templates.csproj", "{56054CBE-008C-4A74-BFEE-28988150EF1A}"
EndProject
Project("{2150E333-8FDC-42A3-9474-1A3956D46DE8}") = "src", "src", "{73CE3721-45E8-47ED-BB2E-E27DBE74FCE9}"
EndProject
Project("{FAE04EC0-301F-11D3-BF4B-00C04F79EFBC}") = "FkThat.Templates.ClassLib", "src\FkThat.Templates.ClassLib\FkThat.Templates.ClassLib.csproj", "{5922676D-FFE7-47CF-AA9B-338DDAFF6C48}"
EndProject
Project("{FAE04EC0-301F-11D3-BF4B-00C04F79EFBC}") = "FkThat.Templates.ConsoleApp", "src\FkThat.Templates.ConsoleApp\FkThat.Templates.ConsoleApp.csproj", "{3E465158-74E4-4695-B0CA-86BAA0295DB0}"
EndProject
Project("{FAE04EC0-301F-11D3-BF4B-00C04F79EFBC}") = "FkThat.Templates.WebApi", "src\FkThat.Templates.WebApi\FkThat.Templates.WebApi.csproj", "{EDD8DA65-B4B1-4268-81C4-295AB2363E61}"
EndProject
Project("{FAE04EC0-301F-11D3-BF4B-00C04F79EFBC}") = "FkThat.Templates.Worker", "src\FkThat.Templates.Worker\FkThat.Templates.Worker.csproj", "{2FBAA1ED-4DD4-4E0E-AE58-F87CFA21FA59}"
EndProject
Project("{FAE04EC0-301F-11D3-BF4B-00C04F79EFBC}") = "FkThat.Templates.XUnit", "src\FkThat.Templates.XUnit\FkThat.Templates.XUnit.csproj", "{6375586B-B37D-40DA-90B0-59095D31A2F9}"
EndProject
Global
	GlobalSection(SolutionConfigurationPlatforms) = preSolution
		Debug|Any CPU = Debug|Any CPU
		Release|Any CPU = Release|Any CPU
	EndGlobalSection
	GlobalSection(SolutionProperties) = preSolution
		HideSolutionNode = FALSE
	EndGlobalSection
	GlobalSection(ProjectConfigurationPlatforms) = postSolution
		{56054CBE-008C-4A74-BFEE-28988150EF1A}.Debug|Any CPU.ActiveCfg = Debug|Any CPU
		{56054CBE-008C-4A74-BFEE-28988150EF1A}.Debug|Any CPU.Build.0 = Debug|Any CPU
		{56054CBE-008C-4A74-BFEE-28988150EF1A}.Release|Any CPU.ActiveCfg = Release|Any CPU
		{56054CBE-008C-4A74-BFEE-28988150EF1A}.Release|Any CPU.Build.0 = Release|Any CPU
		{5922676D-FFE7-47CF-AA9B-338DDAFF6C48}.Debug|Any CPU.ActiveCfg = Debug|Any CPU
		{5922676D-FFE7-47CF-AA9B-338DDAFF6C48}.Debug|Any CPU.Build.0 = Debug|Any CPU
		{5922676D-FFE7-47CF-AA9B-338DDAFF6C48}.Release|Any CPU.ActiveCfg = Release|Any CPU
		{5922676D-FFE7-47CF-AA9B-338DDAFF6C48}.Release|Any CPU.Build.0 = Release|Any CPU
		{3E465158-74E4-4695-B0CA-86BAA0295DB0}.Debug|Any CPU.ActiveCfg = Debug|Any CPU
		{3E465158-74E4-4695-B0CA-86BAA0295DB0}.Debug|Any CPU.Build.0 = Debug|Any CPU
		{3E465158-74E4-4695-B0CA-86BAA0295DB0}.Release|Any CPU.ActiveCfg = Release|Any CPU
		{3E465158-74E4-4695-B0CA-86BAA0295DB0}.Release|Any CPU.Build.0 = Release|Any CPU
		{EDD8DA65-B4B1-4268-81C4-295AB2363E61}.Debug|Any CPU.ActiveCfg = Debug|Any CPU
		{EDD8DA65-B4B1-4268-81C4-295AB2363E61}.Debug|Any CPU.Build.0 = Debug|Any CPU
		{EDD8DA65-B4B1-4268-81C4-295AB2363E61}.Release|Any CPU.ActiveCfg = Release|Any CPU
		{EDD8DA65-B4B1-4268-81C4-295AB2363E61}.Release|Any CPU.Build.0 = Release|Any CPU
		{2FBAA1ED-4DD4-4E0E-AE58-F87CFA21FA59}.Debug|Any CPU.ActiveCfg = Debug|Any CPU
		{2FBAA1ED-4DD4-4E0E-AE58-F87CFA21FA59}.Debug|Any CPU.Build.0 = Debug|Any CPU
		{2FBAA1ED-4DD4-4E0E-AE58-F87CFA21FA59}.Release|Any CPU.ActiveCfg = Release|Any CPU
		{2FBAA1ED-4DD4-4E0E-AE58-F87CFA21FA59}.Release|Any CPU.Build.0 = Release|Any CPU
		{6375586B-B37D-40DA-90B0-59095D31A2F9}.Debug|Any CPU.ActiveCfg = Debug|Any CPU
		{6375586B-B37D-40DA-90B0-59095D31A2F9}.Debug|Any CPU.Build.0 = Debug|Any CPU
		{6375586B-B37D-40DA-90B0-59095D31A2F9}.Release|Any CPU.ActiveCfg = Release|Any CPU
		{6375586B-B37D-40DA-90B0-59095D31A2F9}.Release|Any CPU.Build.0 = Release|Any CPU
	EndGlobalSection
	GlobalSection(NestedProjects) = preSolution
		{5922676D-FFE7-47CF-AA9B-338DDAFF6C48} = {73CE3721-45E8-47ED-BB2E-E27DBE74FCE9}
		{3E465158-74E4-4695-B0CA-86BAA0295DB0} = {73CE3721-45E8-47ED-BB2E-E27DBE74FCE9}
		{EDD8DA65-B4B1-4268-81C4-295AB2363E61} = {73CE3721-45E8-47ED-BB2E-E27DBE74FCE9}
		{2FBAA1ED-4DD4-4E0E-AE58-F87CFA21FA59} = {73CE3721-45E8-47ED-BB2E-E27DBE74FCE9}
		{6375586B-B37D-40DA-90B0-59095D31A2F9} = {73CE3721-45E8-47ED-BB2E-E27DBE74FCE9}
	EndGlobalSection
EndGlobal
