
Microsoft Visual Studio Solution File, Format Version 12.00
# Visual Studio Version 16
VisualStudioVersion = 16.0.30104.148
MinimumVisualStudioVersion = 15.0.26124.0
Project("{2150E333-8FDC-42A3-9474-1A3956D46DE8}") = "src", "src", "{E9657935-16F0-4A91-93A3-87658D544E82}"
EndProject
Project("{9A19103F-16F7-4668-BE54-9A1E7A4F7556}") = "FkThat.Templates.Lib", "src\FkThat.Templates.Lib\FkThat.Templates.Lib.csproj", "{D52C6DA8-6308-4DEC-8086-E0182E8B8A5C}"
EndProject
Project("{9A19103F-16F7-4668-BE54-9A1E7A4F7556}") = "FkThat.Templates.XUnit", "src\FkThat.Templates.XUnit\FkThat.Templates.XUnit.csproj", "{C599C07C-C9AB-420D-8CA6-CC4C3FD7F07F}"
EndProject
Project("{9A19103F-16F7-4668-BE54-9A1E7A4F7556}") = "FkThat.Templates.WebApi", "src\FkThat.Templates.WebApi\FkThat.Templates.WebApi.csproj", "{2BB3E4E2-0BDB-4BA5-B188-40DEF08C9EF1}"
EndProject
Project("{9A19103F-16F7-4668-BE54-9A1E7A4F7556}") = "FkThat.Templates.WebSpa", "src\FkThat.Templates.WebSpa\FkThat.Templates.WebSpa.csproj", "{D16371E5-D1B3-4E8E-8CC8-63324366271F}"
EndProject
Project("{9A19103F-16F7-4668-BE54-9A1E7A4F7556}") = "FkThat.Templates.Cli", "src\FkThat.Templates.Cli\FkThat.Templates.Cli.csproj", "{F3EE79E3-03F0-4AC8-B834-E91CE5D10E2B}"
EndProject
Project("{9A19103F-16F7-4668-BE54-9A1E7A4F7556}") = "FkThat.Templates.Daemon", "src\FkThat.Templates.Daemon\FkThat.Templates.Daemon.csproj", "{D79EB99B-6D58-4508-BC70-B18CF7850E45}"
EndProject
Project("{9A19103F-16F7-4668-BE54-9A1E7A4F7556}") = "FkThat.Templates.Quartz", "src\FkThat.Templates.Quartz\FkThat.Templates.Quartz.csproj", "{69675E31-F3B6-477C-9D7D-1146F82B773C}"
EndProject
Global
	GlobalSection(SolutionConfigurationPlatforms) = preSolution
		Debug|Any CPU = Debug|Any CPU
		Debug|x64 = Debug|x64
		Debug|x86 = Debug|x86
		Release|Any CPU = Release|Any CPU
		Release|x64 = Release|x64
		Release|x86 = Release|x86
	EndGlobalSection
	GlobalSection(ProjectConfigurationPlatforms) = postSolution
		{D52C6DA8-6308-4DEC-8086-E0182E8B8A5C}.Debug|Any CPU.ActiveCfg = Debug|Any CPU
		{D52C6DA8-6308-4DEC-8086-E0182E8B8A5C}.Debug|Any CPU.Build.0 = Debug|Any CPU
		{D52C6DA8-6308-4DEC-8086-E0182E8B8A5C}.Debug|x64.ActiveCfg = Debug|Any CPU
		{D52C6DA8-6308-4DEC-8086-E0182E8B8A5C}.Debug|x64.Build.0 = Debug|Any CPU
		{D52C6DA8-6308-4DEC-8086-E0182E8B8A5C}.Debug|x86.ActiveCfg = Debug|Any CPU
		{D52C6DA8-6308-4DEC-8086-E0182E8B8A5C}.Debug|x86.Build.0 = Debug|Any CPU
		{D52C6DA8-6308-4DEC-8086-E0182E8B8A5C}.Release|Any CPU.ActiveCfg = Release|Any CPU
		{D52C6DA8-6308-4DEC-8086-E0182E8B8A5C}.Release|Any CPU.Build.0 = Release|Any CPU
		{D52C6DA8-6308-4DEC-8086-E0182E8B8A5C}.Release|x64.ActiveCfg = Release|Any CPU
		{D52C6DA8-6308-4DEC-8086-E0182E8B8A5C}.Release|x64.Build.0 = Release|Any CPU
		{D52C6DA8-6308-4DEC-8086-E0182E8B8A5C}.Release|x86.ActiveCfg = Release|Any CPU
		{D52C6DA8-6308-4DEC-8086-E0182E8B8A5C}.Release|x86.Build.0 = Release|Any CPU
		{C599C07C-C9AB-420D-8CA6-CC4C3FD7F07F}.Debug|Any CPU.ActiveCfg = Debug|Any CPU
		{C599C07C-C9AB-420D-8CA6-CC4C3FD7F07F}.Debug|Any CPU.Build.0 = Debug|Any CPU
		{C599C07C-C9AB-420D-8CA6-CC4C3FD7F07F}.Debug|x64.ActiveCfg = Debug|Any CPU
		{C599C07C-C9AB-420D-8CA6-CC4C3FD7F07F}.Debug|x64.Build.0 = Debug|Any CPU
		{C599C07C-C9AB-420D-8CA6-CC4C3FD7F07F}.Debug|x86.ActiveCfg = Debug|Any CPU
		{C599C07C-C9AB-420D-8CA6-CC4C3FD7F07F}.Debug|x86.Build.0 = Debug|Any CPU
		{C599C07C-C9AB-420D-8CA6-CC4C3FD7F07F}.Release|Any CPU.ActiveCfg = Release|Any CPU
		{C599C07C-C9AB-420D-8CA6-CC4C3FD7F07F}.Release|Any CPU.Build.0 = Release|Any CPU
		{C599C07C-C9AB-420D-8CA6-CC4C3FD7F07F}.Release|x64.ActiveCfg = Release|Any CPU
		{C599C07C-C9AB-420D-8CA6-CC4C3FD7F07F}.Release|x64.Build.0 = Release|Any CPU
		{C599C07C-C9AB-420D-8CA6-CC4C3FD7F07F}.Release|x86.ActiveCfg = Release|Any CPU
		{C599C07C-C9AB-420D-8CA6-CC4C3FD7F07F}.Release|x86.Build.0 = Release|Any CPU
		{2BB3E4E2-0BDB-4BA5-B188-40DEF08C9EF1}.Debug|Any CPU.ActiveCfg = Debug|Any CPU
		{2BB3E4E2-0BDB-4BA5-B188-40DEF08C9EF1}.Debug|Any CPU.Build.0 = Debug|Any CPU
		{2BB3E4E2-0BDB-4BA5-B188-40DEF08C9EF1}.Debug|x64.ActiveCfg = Debug|Any CPU
		{2BB3E4E2-0BDB-4BA5-B188-40DEF08C9EF1}.Debug|x64.Build.0 = Debug|Any CPU
		{2BB3E4E2-0BDB-4BA5-B188-40DEF08C9EF1}.Debug|x86.ActiveCfg = Debug|Any CPU
		{2BB3E4E2-0BDB-4BA5-B188-40DEF08C9EF1}.Debug|x86.Build.0 = Debug|Any CPU
		{2BB3E4E2-0BDB-4BA5-B188-40DEF08C9EF1}.Release|Any CPU.ActiveCfg = Release|Any CPU
		{2BB3E4E2-0BDB-4BA5-B188-40DEF08C9EF1}.Release|Any CPU.Build.0 = Release|Any CPU
		{2BB3E4E2-0BDB-4BA5-B188-40DEF08C9EF1}.Release|x64.ActiveCfg = Release|Any CPU
		{2BB3E4E2-0BDB-4BA5-B188-40DEF08C9EF1}.Release|x64.Build.0 = Release|Any CPU
		{2BB3E4E2-0BDB-4BA5-B188-40DEF08C9EF1}.Release|x86.ActiveCfg = Release|Any CPU
		{2BB3E4E2-0BDB-4BA5-B188-40DEF08C9EF1}.Release|x86.Build.0 = Release|Any CPU
		{D16371E5-D1B3-4E8E-8CC8-63324366271F}.Debug|Any CPU.ActiveCfg = Debug|Any CPU
		{D16371E5-D1B3-4E8E-8CC8-63324366271F}.Debug|Any CPU.Build.0 = Debug|Any CPU
		{D16371E5-D1B3-4E8E-8CC8-63324366271F}.Debug|x64.ActiveCfg = Debug|Any CPU
		{D16371E5-D1B3-4E8E-8CC8-63324366271F}.Debug|x64.Build.0 = Debug|Any CPU
		{D16371E5-D1B3-4E8E-8CC8-63324366271F}.Debug|x86.ActiveCfg = Debug|Any CPU
		{D16371E5-D1B3-4E8E-8CC8-63324366271F}.Debug|x86.Build.0 = Debug|Any CPU
		{D16371E5-D1B3-4E8E-8CC8-63324366271F}.Release|Any CPU.ActiveCfg = Release|Any CPU
		{D16371E5-D1B3-4E8E-8CC8-63324366271F}.Release|Any CPU.Build.0 = Release|Any CPU
		{D16371E5-D1B3-4E8E-8CC8-63324366271F}.Release|x64.ActiveCfg = Release|Any CPU
		{D16371E5-D1B3-4E8E-8CC8-63324366271F}.Release|x64.Build.0 = Release|Any CPU
		{D16371E5-D1B3-4E8E-8CC8-63324366271F}.Release|x86.ActiveCfg = Release|Any CPU
		{D16371E5-D1B3-4E8E-8CC8-63324366271F}.Release|x86.Build.0 = Release|Any CPU
		{F3EE79E3-03F0-4AC8-B834-E91CE5D10E2B}.Debug|Any CPU.ActiveCfg = Debug|Any CPU
		{F3EE79E3-03F0-4AC8-B834-E91CE5D10E2B}.Debug|Any CPU.Build.0 = Debug|Any CPU
		{F3EE79E3-03F0-4AC8-B834-E91CE5D10E2B}.Debug|x64.ActiveCfg = Debug|Any CPU
		{F3EE79E3-03F0-4AC8-B834-E91CE5D10E2B}.Debug|x64.Build.0 = Debug|Any CPU
		{F3EE79E3-03F0-4AC8-B834-E91CE5D10E2B}.Debug|x86.ActiveCfg = Debug|Any CPU
		{F3EE79E3-03F0-4AC8-B834-E91CE5D10E2B}.Debug|x86.Build.0 = Debug|Any CPU
		{F3EE79E3-03F0-4AC8-B834-E91CE5D10E2B}.Release|Any CPU.ActiveCfg = Release|Any CPU
		{F3EE79E3-03F0-4AC8-B834-E91CE5D10E2B}.Release|Any CPU.Build.0 = Release|Any CPU
		{F3EE79E3-03F0-4AC8-B834-E91CE5D10E2B}.Release|x64.ActiveCfg = Release|Any CPU
		{F3EE79E3-03F0-4AC8-B834-E91CE5D10E2B}.Release|x64.Build.0 = Release|Any CPU
		{F3EE79E3-03F0-4AC8-B834-E91CE5D10E2B}.Release|x86.ActiveCfg = Release|Any CPU
		{F3EE79E3-03F0-4AC8-B834-E91CE5D10E2B}.Release|x86.Build.0 = Release|Any CPU
		{D79EB99B-6D58-4508-BC70-B18CF7850E45}.Debug|Any CPU.ActiveCfg = Debug|Any CPU
		{D79EB99B-6D58-4508-BC70-B18CF7850E45}.Debug|Any CPU.Build.0 = Debug|Any CPU
		{D79EB99B-6D58-4508-BC70-B18CF7850E45}.Debug|x64.ActiveCfg = Debug|Any CPU
		{D79EB99B-6D58-4508-BC70-B18CF7850E45}.Debug|x64.Build.0 = Debug|Any CPU
		{D79EB99B-6D58-4508-BC70-B18CF7850E45}.Debug|x86.ActiveCfg = Debug|Any CPU
		{D79EB99B-6D58-4508-BC70-B18CF7850E45}.Debug|x86.Build.0 = Debug|Any CPU
		{D79EB99B-6D58-4508-BC70-B18CF7850E45}.Release|Any CPU.ActiveCfg = Release|Any CPU
		{D79EB99B-6D58-4508-BC70-B18CF7850E45}.Release|Any CPU.Build.0 = Release|Any CPU
		{D79EB99B-6D58-4508-BC70-B18CF7850E45}.Release|x64.ActiveCfg = Release|Any CPU
		{D79EB99B-6D58-4508-BC70-B18CF7850E45}.Release|x64.Build.0 = Release|Any CPU
		{D79EB99B-6D58-4508-BC70-B18CF7850E45}.Release|x86.ActiveCfg = Release|Any CPU
		{D79EB99B-6D58-4508-BC70-B18CF7850E45}.Release|x86.Build.0 = Release|Any CPU
		{69675E31-F3B6-477C-9D7D-1146F82B773C}.Debug|Any CPU.ActiveCfg = Debug|Any CPU
		{69675E31-F3B6-477C-9D7D-1146F82B773C}.Debug|Any CPU.Build.0 = Debug|Any CPU
		{69675E31-F3B6-477C-9D7D-1146F82B773C}.Debug|x64.ActiveCfg = Debug|Any CPU
		{69675E31-F3B6-477C-9D7D-1146F82B773C}.Debug|x64.Build.0 = Debug|Any CPU
		{69675E31-F3B6-477C-9D7D-1146F82B773C}.Debug|x86.ActiveCfg = Debug|Any CPU
		{69675E31-F3B6-477C-9D7D-1146F82B773C}.Debug|x86.Build.0 = Debug|Any CPU
		{69675E31-F3B6-477C-9D7D-1146F82B773C}.Release|Any CPU.ActiveCfg = Release|Any CPU
		{69675E31-F3B6-477C-9D7D-1146F82B773C}.Release|Any CPU.Build.0 = Release|Any CPU
		{69675E31-F3B6-477C-9D7D-1146F82B773C}.Release|x64.ActiveCfg = Release|Any CPU
		{69675E31-F3B6-477C-9D7D-1146F82B773C}.Release|x64.Build.0 = Release|Any CPU
		{69675E31-F3B6-477C-9D7D-1146F82B773C}.Release|x86.ActiveCfg = Release|Any CPU
		{69675E31-F3B6-477C-9D7D-1146F82B773C}.Release|x86.Build.0 = Release|Any CPU
	EndGlobalSection
	GlobalSection(SolutionProperties) = preSolution
		HideSolutionNode = FALSE
	EndGlobalSection
	GlobalSection(NestedProjects) = preSolution
		{D52C6DA8-6308-4DEC-8086-E0182E8B8A5C} = {E9657935-16F0-4A91-93A3-87658D544E82}
		{C599C07C-C9AB-420D-8CA6-CC4C3FD7F07F} = {E9657935-16F0-4A91-93A3-87658D544E82}
		{2BB3E4E2-0BDB-4BA5-B188-40DEF08C9EF1} = {E9657935-16F0-4A91-93A3-87658D544E82}
		{D16371E5-D1B3-4E8E-8CC8-63324366271F} = {E9657935-16F0-4A91-93A3-87658D544E82}
		{F3EE79E3-03F0-4AC8-B834-E91CE5D10E2B} = {E9657935-16F0-4A91-93A3-87658D544E82}
		{D79EB99B-6D58-4508-BC70-B18CF7850E45} = {E9657935-16F0-4A91-93A3-87658D544E82}
		{69675E31-F3B6-477C-9D7D-1146F82B773C} = {E9657935-16F0-4A91-93A3-87658D544E82}
	EndGlobalSection
	GlobalSection(ExtensibilityGlobals) = postSolution
		SolutionGuid = {FF65E30A-DC53-458E-953B-BF486A11EEA1}
	EndGlobalSection
EndGlobal
